
Microsoft Visual Studio Solution File, Format Version 12.00
# Visual Studio 15
VisualStudioVersion = 15.0.27130.2027
MinimumVisualStudioVersion = 10.0.40219.1
Project("{FAE04EC0-301F-11D3-BF4B-00C04F79EFBC}") = "TestDrive.Android", "TestDrive\TestDrive.Android\TestDrive.Android.csproj", "{689B5ADB-8BF0-444D-8F6D-130811F7E7EE}"
EndProject
Project("{FAE04EC0-301F-11D3-BF4B-00C04F79EFBC}") = "TestDrive.iOS", "TestDrive\TestDrive.iOS\TestDrive.iOS.csproj", "{4862E97D-C353-455C-ACE3-06B50A43452C}"
EndProject
Project("{FAE04EC0-301F-11D3-BF4B-00C04F79EFBC}") = "TestDrive.UWP", "TestDrive\TestDrive.UWP\TestDrive.UWP.csproj", "{80B5960B-5FB9-4FD9-82D4-DAB883A06802}"
EndProject
Project("{D954291E-2A0B-460D-934E-DC6B0785DB48}") = "TestDrive", "TestDrive\TestDrive\TestDrive.shproj", "{E1514668-C624-4429-A497-551F092E875F}"
EndProject
Global
	GlobalSection(SharedMSBuildProjectFiles) = preSolution
		TestDrive\TestDrive\TestDrive.projitems*{4862e97d-c353-455c-ace3-06b50a43452c}*SharedItemsImports = 4
		TestDrive\TestDrive\TestDrive.projitems*{689b5adb-8bf0-444d-8f6d-130811f7e7ee}*SharedItemsImports = 4
		TestDrive\TestDrive\TestDrive.projitems*{80b5960b-5fb9-4fd9-82d4-dab883a06802}*SharedItemsImports = 4
		TestDrive\TestDrive\TestDrive.projitems*{e1514668-c624-4429-a497-551f092e875f}*SharedItemsImports = 13
	EndGlobalSection
	GlobalSection(SolutionConfigurationPlatforms) = preSolution
		Ad-Hoc|Any CPU = Ad-Hoc|Any CPU
		Ad-Hoc|ARM = Ad-Hoc|ARM
		Ad-Hoc|iPhone = Ad-Hoc|iPhone
		Ad-Hoc|iPhoneSimulator = Ad-Hoc|iPhoneSimulator
		Ad-Hoc|x64 = Ad-Hoc|x64
		Ad-Hoc|x86 = Ad-Hoc|x86
		AppStore|Any CPU = AppStore|Any CPU
		AppStore|ARM = AppStore|ARM
		AppStore|iPhone = AppStore|iPhone
		AppStore|iPhoneSimulator = AppStore|iPhoneSimulator
		AppStore|x64 = AppStore|x64
		AppStore|x86 = AppStore|x86
		Debug|Any CPU = Debug|Any CPU
		Debug|ARM = Debug|ARM
		Debug|iPhone = Debug|iPhone
		Debug|iPhoneSimulator = Debug|iPhoneSimulator
		Debug|x64 = Debug|x64
		Debug|x86 = Debug|x86
		Release|Any CPU = Release|Any CPU
		Release|ARM = Release|ARM
		Release|iPhone = Release|iPhone
		Release|iPhoneSimulator = Release|iPhoneSimulator
		Release|x64 = Release|x64
		Release|x86 = Release|x86
	EndGlobalSection
	GlobalSection(ProjectConfigurationPlatforms) = postSolution
		{689B5ADB-8BF0-444D-8F6D-130811F7E7EE}.Ad-Hoc|Any CPU.ActiveCfg = Release|Any CPU
		{689B5ADB-8BF0-444D-8F6D-130811F7E7EE}.Ad-Hoc|Any CPU.Build.0 = Release|Any CPU
		{689B5ADB-8BF0-444D-8F6D-130811F7E7EE}.Ad-Hoc|Any CPU.Deploy.0 = Release|Any CPU
		{689B5ADB-8BF0-444D-8F6D-130811F7E7EE}.Ad-Hoc|ARM.ActiveCfg = Release|Any CPU
		{689B5ADB-8BF0-444D-8F6D-130811F7E7EE}.Ad-Hoc|ARM.Build.0 = Release|Any CPU
		{689B5ADB-8BF0-444D-8F6D-130811F7E7EE}.Ad-Hoc|ARM.Deploy.0 = Release|Any CPU
		{689B5ADB-8BF0-444D-8F6D-130811F7E7EE}.Ad-Hoc|iPhone.ActiveCfg = Release|Any CPU
		{689B5ADB-8BF0-444D-8F6D-130811F7E7EE}.Ad-Hoc|iPhone.Build.0 = Release|Any CPU
		{689B5ADB-8BF0-444D-8F6D-130811F7E7EE}.Ad-Hoc|iPhone.Deploy.0 = Release|Any CPU
		{689B5ADB-8BF0-444D-8F6D-130811F7E7EE}.Ad-Hoc|iPhoneSimulator.ActiveCfg = Release|Any CPU
		{689B5ADB-8BF0-444D-8F6D-130811F7E7EE}.Ad-Hoc|iPhoneSimulator.Build.0 = Release|Any CPU
		{689B5ADB-8BF0-444D-8F6D-130811F7E7EE}.Ad-Hoc|iPhoneSimulator.Deploy.0 = Release|Any CPU
		{689B5ADB-8BF0-444D-8F6D-130811F7E7EE}.Ad-Hoc|x64.ActiveCfg = Release|Any CPU
		{689B5ADB-8BF0-444D-8F6D-130811F7E7EE}.Ad-Hoc|x64.Build.0 = Release|Any CPU
		{689B5ADB-8BF0-444D-8F6D-130811F7E7EE}.Ad-Hoc|x64.Deploy.0 = Release|Any CPU
		{689B5ADB-8BF0-444D-8F6D-130811F7E7EE}.Ad-Hoc|x86.ActiveCfg = Release|Any CPU
		{689B5ADB-8BF0-444D-8F6D-130811F7E7EE}.Ad-Hoc|x86.Build.0 = Release|Any CPU
		{689B5ADB-8BF0-444D-8F6D-130811F7E7EE}.Ad-Hoc|x86.Deploy.0 = Release|Any CPU
		{689B5ADB-8BF0-444D-8F6D-130811F7E7EE}.AppStore|Any CPU.ActiveCfg = Release|Any CPU
		{689B5ADB-8BF0-444D-8F6D-130811F7E7EE}.AppStore|Any CPU.Build.0 = Release|Any CPU
		{689B5ADB-8BF0-444D-8F6D-130811F7E7EE}.AppStore|Any CPU.Deploy.0 = Release|Any CPU
		{689B5ADB-8BF0-444D-8F6D-130811F7E7EE}.AppStore|ARM.ActiveCfg = Release|Any CPU
		{689B5ADB-8BF0-444D-8F6D-130811F7E7EE}.AppStore|ARM.Build.0 = Release|Any CPU
		{689B5ADB-8BF0-444D-8F6D-130811F7E7EE}.AppStore|ARM.Deploy.0 = Release|Any CPU
		{689B5ADB-8BF0-444D-8F6D-130811F7E7EE}.AppStore|iPhone.ActiveCfg = Release|Any CPU
		{689B5ADB-8BF0-444D-8F6D-130811F7E7EE}.AppStore|iPhone.Build.0 = Release|Any CPU
		{689B5ADB-8BF0-444D-8F6D-130811F7E7EE}.AppStore|iPhone.Deploy.0 = Release|Any CPU
		{689B5ADB-8BF0-444D-8F6D-130811F7E7EE}.AppStore|iPhoneSimulator.ActiveCfg = Release|Any CPU
		{689B5ADB-8BF0-444D-8F6D-130811F7E7EE}.AppStore|iPhoneSimulator.Build.0 = Release|Any CPU
		{689B5ADB-8BF0-444D-8F6D-130811F7E7EE}.AppStore|iPhoneSimulator.Deploy.0 = Release|Any CPU
		{689B5ADB-8BF0-444D-8F6D-130811F7E7EE}.AppStore|x64.ActiveCfg = Release|Any CPU
		{689B5ADB-8BF0-444D-8F6D-130811F7E7EE}.AppStore|x64.Build.0 = Release|Any CPU
		{689B5ADB-8BF0-444D-8F6D-130811F7E7EE}.AppStore|x64.Deploy.0 = Release|Any CPU
		{689B5ADB-8BF0-444D-8F6D-130811F7E7EE}.AppStore|x86.ActiveCfg = Release|Any CPU
		{689B5ADB-8BF0-444D-8F6D-130811F7E7EE}.AppStore|x86.Build.0 = Release|Any CPU
		{689B5ADB-8BF0-444D-8F6D-130811F7E7EE}.AppStore|x86.Deploy.0 = Release|Any CPU
		{689B5ADB-8BF0-444D-8F6D-130811F7E7EE}.Debug|Any CPU.ActiveCfg = Debug|Any CPU
		{689B5ADB-8BF0-444D-8F6D-130811F7E7EE}.Debug|Any CPU.Build.0 = Debug|Any CPU
		{689B5ADB-8BF0-444D-8F6D-130811F7E7EE}.Debug|Any CPU.Deploy.0 = Debug|Any CPU
		{689B5ADB-8BF0-444D-8F6D-130811F7E7EE}.Debug|ARM.ActiveCfg = Debug|Any CPU
		{689B5ADB-8BF0-444D-8F6D-130811F7E7EE}.Debug|ARM.Build.0 = Debug|Any CPU
		{689B5ADB-8BF0-444D-8F6D-130811F7E7EE}.Debug|ARM.Deploy.0 = Debug|Any CPU
		{689B5ADB-8BF0-444D-8F6D-130811F7E7EE}.Debug|iPhone.ActiveCfg = Debug|Any CPU
		{689B5ADB-8BF0-444D-8F6D-130811F7E7EE}.Debug|iPhone.Build.0 = Debug|Any CPU
		{689B5ADB-8BF0-444D-8F6D-130811F7E7EE}.Debug|iPhone.Deploy.0 = Debug|Any CPU
		{689B5ADB-8BF0-444D-8F6D-130811F7E7EE}.Debug|iPhoneSimulator.ActiveCfg = Debug|Any CPU
		{689B5ADB-8BF0-444D-8F6D-130811F7E7EE}.Debug|iPhoneSimulator.Build.0 = Debug|Any CPU
		{689B5ADB-8BF0-444D-8F6D-130811F7E7EE}.Debug|iPhoneSimulator.Deploy.0 = Debug|Any CPU
		{689B5ADB-8BF0-444D-8F6D-130811F7E7EE}.Debug|x64.ActiveCfg = Debug|Any CPU
		{689B5ADB-8BF0-444D-8F6D-130811F7E7EE}.Debug|x64.Build.0 = Debug|Any CPU
		{689B5ADB-8BF0-444D-8F6D-130811F7E7EE}.Debug|x64.Deploy.0 = Debug|Any CPU
		{689B5ADB-8BF0-444D-8F6D-130811F7E7EE}.Debug|x86.ActiveCfg = Debug|Any CPU
		{689B5ADB-8BF0-444D-8F6D-130811F7E7EE}.Debug|x86.Build.0 = Debug|Any CPU
		{689B5ADB-8BF0-444D-8F6D-130811F7E7EE}.Debug|x86.Deploy.0 = Debug|Any CPU
		{689B5ADB-8BF0-444D-8F6D-130811F7E7EE}.Release|Any CPU.ActiveCfg = Release|Any CPU
		{689B5ADB-8BF0-444D-8F6D-130811F7E7EE}.Release|Any CPU.Build.0 = Release|Any CPU
		{689B5ADB-8BF0-444D-8F6D-130811F7E7EE}.Release|Any CPU.Deploy.0 = Release|Any CPU
		{689B5ADB-8BF0-444D-8F6D-130811F7E7EE}.Release|ARM.ActiveCfg = Release|Any CPU
		{689B5ADB-8BF0-444D-8F6D-130811F7E7EE}.Release|ARM.Build.0 = Release|Any CPU
		{689B5ADB-8BF0-444D-8F6D-130811F7E7EE}.Release|ARM.Deploy.0 = Release|Any CPU
		{689B5ADB-8BF0-444D-8F6D-130811F7E7EE}.Release|iPhone.ActiveCfg = Release|Any CPU
		{689B5ADB-8BF0-444D-8F6D-130811F7E7EE}.Release|iPhone.Build.0 = Release|Any CPU
		{689B5ADB-8BF0-444D-8F6D-130811F7E7EE}.Release|iPhone.Deploy.0 = Release|Any CPU
		{689B5ADB-8BF0-444D-8F6D-130811F7E7EE}.Release|iPhoneSimulator.ActiveCfg = Release|Any CPU
		{689B5ADB-8BF0-444D-8F6D-130811F7E7EE}.Release|iPhoneSimulator.Build.0 = Release|Any CPU
		{689B5ADB-8BF0-444D-8F6D-130811F7E7EE}.Release|iPhoneSimulator.Deploy.0 = Release|Any CPU
		{689B5ADB-8BF0-444D-8F6D-130811F7E7EE}.Release|x64.ActiveCfg = Release|Any CPU
		{689B5ADB-8BF0-444D-8F6D-130811F7E7EE}.Release|x64.Build.0 = Release|Any CPU
		{689B5ADB-8BF0-444D-8F6D-130811F7E7EE}.Release|x64.Deploy.0 = Release|Any CPU
		{689B5ADB-8BF0-444D-8F6D-130811F7E7EE}.Release|x86.ActiveCfg = Release|Any CPU
		{689B5ADB-8BF0-444D-8F6D-130811F7E7EE}.Release|x86.Build.0 = Release|Any CPU
		{689B5ADB-8BF0-444D-8F6D-130811F7E7EE}.Release|x86.Deploy.0 = Release|Any CPU
		{4862E97D-C353-455C-ACE3-06B50A43452C}.Ad-Hoc|Any CPU.ActiveCfg = Ad-Hoc|iPhone
		{4862E97D-C353-455C-ACE3-06B50A43452C}.Ad-Hoc|ARM.ActiveCfg = Ad-Hoc|iPhone
		{4862E97D-C353-455C-ACE3-06B50A43452C}.Ad-Hoc|iPhone.ActiveCfg = Ad-Hoc|iPhone
		{4862E97D-C353-455C-ACE3-06B50A43452C}.Ad-Hoc|iPhone.Build.0 = Ad-Hoc|iPhone
		{4862E97D-C353-455C-ACE3-06B50A43452C}.Ad-Hoc|iPhoneSimulator.ActiveCfg = Ad-Hoc|iPhoneSimulator
		{4862E97D-C353-455C-ACE3-06B50A43452C}.Ad-Hoc|iPhoneSimulator.Build.0 = Ad-Hoc|iPhoneSimulator
		{4862E97D-C353-455C-ACE3-06B50A43452C}.Ad-Hoc|x64.ActiveCfg = Ad-Hoc|iPhone
		{4862E97D-C353-455C-ACE3-06B50A43452C}.Ad-Hoc|x86.ActiveCfg = Ad-Hoc|iPhone
		{4862E97D-C353-455C-ACE3-06B50A43452C}.AppStore|Any CPU.ActiveCfg = AppStore|iPhone
		{4862E97D-C353-455C-ACE3-06B50A43452C}.AppStore|ARM.ActiveCfg = AppStore|iPhone
		{4862E97D-C353-455C-ACE3-06B50A43452C}.AppStore|iPhone.ActiveCfg = AppStore|iPhone
		{4862E97D-C353-455C-ACE3-06B50A43452C}.AppStore|iPhone.Build.0 = AppStore|iPhone
		{4862E97D-C353-455C-ACE3-06B50A43452C}.AppStore|iPhoneSimulator.ActiveCfg = AppStore|iPhoneSimulator
		{4862E97D-C353-455C-ACE3-06B50A43452C}.AppStore|iPhoneSimulator.Build.0 = AppStore|iPhoneSimulator
		{4862E97D-C353-455C-ACE3-06B50A43452C}.AppStore|x64.ActiveCfg = AppStore|iPhone
		{4862E97D-C353-455C-ACE3-06B50A43452C}.AppStore|x86.ActiveCfg = AppStore|iPhone
		{4862E97D-C353-455C-ACE3-06B50A43452C}.Debug|Any CPU.ActiveCfg = Debug|iPhone
		{4862E97D-C353-455C-ACE3-06B50A43452C}.Debug|ARM.ActiveCfg = Debug|iPhone
		{4862E97D-C353-455C-ACE3-06B50A43452C}.Debug|iPhone.ActiveCfg = Debug|iPhone
		{4862E97D-C353-455C-ACE3-06B50A43452C}.Debug|iPhone.Build.0 = Debug|iPhone
		{4862E97D-C353-455C-ACE3-06B50A43452C}.Debug|iPhoneSimulator.ActiveCfg = Debug|iPhoneSimulator
		{4862E97D-C353-455C-ACE3-06B50A43452C}.Debug|iPhoneSimulator.Build.0 = Debug|iPhoneSimulator
		{4862E97D-C353-455C-ACE3-06B50A43452C}.Debug|x64.ActiveCfg = Debug|iPhone
		{4862E97D-C353-455C-ACE3-06B50A43452C}.Debug|x86.ActiveCfg = Debug|iPhone
		{4862E97D-C353-455C-ACE3-06B50A43452C}.Release|Any CPU.ActiveCfg = Release|iPhone
		{4862E97D-C353-455C-ACE3-06B50A43452C}.Release|ARM.ActiveCfg = Release|iPhone
		{4862E97D-C353-455C-ACE3-06B50A43452C}.Release|iPhone.ActiveCfg = Release|iPhone
		{4862E97D-C353-455C-ACE3-06B50A43452C}.Release|iPhone.Build.0 = Release|iPhone
		{4862E97D-C353-455C-ACE3-06B50A43452C}.Release|iPhoneSimulator.ActiveCfg = Release|iPhoneSimulator
		{4862E97D-C353-455C-ACE3-06B50A43452C}.Release|iPhoneSimulator.Build.0 = Release|iPhoneSimulator
		{4862E97D-C353-455C-ACE3-06B50A43452C}.Release|x64.ActiveCfg = Release|iPhone
		{4862E97D-C353-455C-ACE3-06B50A43452C}.Release|x86.ActiveCfg = Release|iPhone
		{80B5960B-5FB9-4FD9-82D4-DAB883A06802}.Ad-Hoc|Any CPU.ActiveCfg = Release|x86
		{80B5960B-5FB9-4FD9-82D4-DAB883A06802}.Ad-Hoc|Any CPU.Build.0 = Release|x86
		{80B5960B-5FB9-4FD9-82D4-DAB883A06802}.Ad-Hoc|Any CPU.Deploy.0 = Release|x86
		{80B5960B-5FB9-4FD9-82D4-DAB883A06802}.Ad-Hoc|ARM.ActiveCfg = Release|ARM
		{80B5960B-5FB9-4FD9-82D4-DAB883A06802}.Ad-Hoc|ARM.Build.0 = Release|ARM
		{80B5960B-5FB9-4FD9-82D4-DAB883A06802}.Ad-Hoc|ARM.Deploy.0 = Release|ARM
		{80B5960B-5FB9-4FD9-82D4-DAB883A06802}.Ad-Hoc|iPhone.ActiveCfg = Release|x86
		{80B5960B-5FB9-4FD9-82D4-DAB883A06802}.Ad-Hoc|iPhone.Build.0 = Release|x86
		{80B5960B-5FB9-4FD9-82D4-DAB883A06802}.Ad-Hoc|iPhone.Deploy.0 = Release|x86
		{80B5960B-5FB9-4FD9-82D4-DAB883A06802}.Ad-Hoc|iPhoneSimulator.ActiveCfg = Release|x86
		{80B5960B-5FB9-4FD9-82D4-DAB883A06802}.Ad-Hoc|iPhoneSimulator.Build.0 = Release|x86
		{80B5960B-5FB9-4FD9-82D4-DAB883A06802}.Ad-Hoc|iPhoneSimulator.Deploy.0 = Release|x86
		{80B5960B-5FB9-4FD9-82D4-DAB883A06802}.Ad-Hoc|x64.ActiveCfg = Release|x64
		{80B5960B-5FB9-4FD9-82D4-DAB883A06802}.Ad-Hoc|x64.Build.0 = Release|x64
		{80B5960B-5FB9-4FD9-82D4-DAB883A06802}.Ad-Hoc|x64.Deploy.0 = Release|x64
		{80B5960B-5FB9-4FD9-82D4-DAB883A06802}.Ad-Hoc|x86.ActiveCfg = Release|x86
		{80B5960B-5FB9-4FD9-82D4-DAB883A06802}.Ad-Hoc|x86.Build.0 = Release|x86
		{80B5960B-5FB9-4FD9-82D4-DAB883A06802}.Ad-Hoc|x86.Deploy.0 = Release|x86
		{80B5960B-5FB9-4FD9-82D4-DAB883A06802}.AppStore|Any CPU.ActiveCfg = Release|x86
		{80B5960B-5FB9-4FD9-82D4-DAB883A06802}.AppStore|Any CPU.Build.0 = Release|x86
		{80B5960B-5FB9-4FD9-82D4-DAB883A06802}.AppStore|Any CPU.Deploy.0 = Release|x86
		{80B5960B-5FB9-4FD9-82D4-DAB883A06802}.AppStore|ARM.ActiveCfg = Release|ARM
		{80B5960B-5FB9-4FD9-82D4-DAB883A06802}.AppStore|ARM.Build.0 = Release|ARM
		{80B5960B-5FB9-4FD9-82D4-DAB883A06802}.AppStore|ARM.Deploy.0 = Release|ARM
		{80B5960B-5FB9-4FD9-82D4-DAB883A06802}.AppStore|iPhone.ActiveCfg = Release|x86
		{80B5960B-5FB9-4FD9-82D4-DAB883A06802}.AppStore|iPhone.Build.0 = Release|x86
		{80B5960B-5FB9-4FD9-82D4-DAB883A06802}.AppStore|iPhone.Deploy.0 = Release|x86
		{80B5960B-5FB9-4FD9-82D4-DAB883A06802}.AppStore|iPhoneSimulator.ActiveCfg = Release|x86
		{80B5960B-5FB9-4FD9-82D4-DAB883A06802}.AppStore|iPhoneSimulator.Build.0 = Release|x86
		{80B5960B-5FB9-4FD9-82D4-DAB883A06802}.AppStore|iPhoneSimulator.Deploy.0 = Release|x86
		{80B5960B-5FB9-4FD9-82D4-DAB883A06802}.AppStore|x64.ActiveCfg = Release|x64
		{80B5960B-5FB9-4FD9-82D4-DAB883A06802}.AppStore|x64.Build.0 = Release|x64
		{80B5960B-5FB9-4FD9-82D4-DAB883A06802}.AppStore|x64.Deploy.0 = Release|x64
		{80B5960B-5FB9-4FD9-82D4-DAB883A06802}.AppStore|x86.ActiveCfg = Release|x86
		{80B5960B-5FB9-4FD9-82D4-DAB883A06802}.AppStore|x86.Build.0 = Release|x86
		{80B5960B-5FB9-4FD9-82D4-DAB883A06802}.AppStore|x86.Deploy.0 = Release|x86
		{80B5960B-5FB9-4FD9-82D4-DAB883A06802}.Debug|Any CPU.ActiveCfg = Debug|x86
		{80B5960B-5FB9-4FD9-82D4-DAB883A06802}.Debug|ARM.ActiveCfg = Debug|ARM
		{80B5960B-5FB9-4FD9-82D4-DAB883A06802}.Debug|ARM.Build.0 = Debug|ARM
		{80B5960B-5FB9-4FD9-82D4-DAB883A06802}.Debug|ARM.Deploy.0 = Debug|ARM
		{80B5960B-5FB9-4FD9-82D4-DAB883A06802}.Debug|iPhone.ActiveCfg = Debug|x86
		{80B5960B-5FB9-4FD9-82D4-DAB883A06802}.Debug|iPhoneSimulator.ActiveCfg = Debug|x86
		{80B5960B-5FB9-4FD9-82D4-DAB883A06802}.Debug|x64.ActiveCfg = Debug|x64
		{80B5960B-5FB9-4FD9-82D4-DAB883A06802}.Debug|x64.Build.0 = Debug|x64
		{80B5960B-5FB9-4FD9-82D4-DAB883A06802}.Debug|x64.Deploy.0 = Debug|x64
		{80B5960B-5FB9-4FD9-82D4-DAB883A06802}.Debug|x86.ActiveCfg = Debug|x86
		{80B5960B-5FB9-4FD9-82D4-DAB883A06802}.Debug|x86.Build.0 = Debug|x86
		{80B5960B-5FB9-4FD9-82D4-DAB883A06802}.Debug|x86.Deploy.0 = Debug|x86
		{80B5960B-5FB9-4FD9-82D4-DAB883A06802}.Release|Any CPU.ActiveCfg = Release|x86
		{80B5960B-5FB9-4FD9-82D4-DAB883A06802}.Release|ARM.ActiveCfg = Release|ARM
		{80B5960B-5FB9-4FD9-82D4-DAB883A06802}.Release|ARM.Build.0 = Release|ARM
		{80B5960B-5FB9-4FD9-82D4-DAB883A06802}.Release|ARM.Deploy.0 = Release|ARM
		{80B5960B-5FB9-4FD9-82D4-DAB883A06802}.Release|iPhone.ActiveCfg = Release|x86
		{80B5960B-5FB9-4FD9-82D4-DAB883A06802}.Release|iPhoneSimulator.ActiveCfg = Release|x86
		{80B5960B-5FB9-4FD9-82D4-DAB883A06802}.Release|x64.ActiveCfg = Release|x64
		{80B5960B-5FB9-4FD9-82D4-DAB883A06802}.Release|x64.Build.0 = Release|x64
		{80B5960B-5FB9-4FD9-82D4-DAB883A06802}.Release|x64.Deploy.0 = Release|x64
		{80B5960B-5FB9-4FD9-82D4-DAB883A06802}.Release|x86.ActiveCfg = Release|x86
		{80B5960B-5FB9-4FD9-82D4-DAB883A06802}.Release|x86.Build.0 = Release|x86
		{80B5960B-5FB9-4FD9-82D4-DAB883A06802}.Release|x86.Deploy.0 = Release|x86
	EndGlobalSection
	GlobalSection(SolutionProperties) = preSolution
		HideSolutionNode = FALSE
	EndGlobalSection
	GlobalSection(ExtensibilityGlobals) = postSolution
		SolutionGuid = {93703266-FD35-4846-A375-E0B748640707}
	EndGlobalSection
EndGlobal
