
Microsoft Visual Studio Solution File, Format Version 12.00
# Visual Studio 15
VisualStudioVersion = 15.0.27130.2027
MinimumVisualStudioVersion = 10.0.40219.1
Project("{FAE04EC0-301F-11D3-BF4B-00C04F79EFBC}") = "App1.iOS", "App1\App1.iOS\App1.iOS.csproj", "{CE0FAD7A-F3C9-4D69-AC70-2DA842E5F96E}"
EndProject
Project("{FAE04EC0-301F-11D3-BF4B-00C04F79EFBC}") = "App1.UWP", "App1\App1.UWP\App1.UWP.csproj", "{EB57E86C-CB96-4209-8E14-944808157030}"
EndProject
Project("{D954291E-2A0B-460D-934E-DC6B0785DB48}") = "App1", "App1\App1\App1.shproj", "{4024E83A-C2F8-4229-8107-DF38F3618BA3}"
EndProject
Project("{FAE04EC0-301F-11D3-BF4B-00C04F79EFBC}") = "App1.Android", "App1\App1.Android\App1.Android.csproj", "{CA57384A-D010-4CF9-AC6F-8D9B32F6F222}"
EndProject
Global
	GlobalSection(SharedMSBuildProjectFiles) = preSolution
		App1\App1\App1.projitems*{4024e83a-c2f8-4229-8107-df38f3618ba3}*SharedItemsImports = 13
		App1\App1\App1.projitems*{ca57384a-d010-4cf9-ac6f-8d9b32f6f222}*SharedItemsImports = 4
		App1\App1\App1.projitems*{ce0fad7a-f3c9-4d69-ac70-2da842e5f96e}*SharedItemsImports = 4
		App1\App1\App1.projitems*{eb57e86c-cb96-4209-8e14-944808157030}*SharedItemsImports = 4
	EndGlobalSection
	GlobalSection(SolutionConfigurationPlatforms) = preSolution
		Ad-Hoc|Any CPU = Ad-Hoc|Any CPU
		Ad-Hoc|ARM = Ad-Hoc|ARM
		Ad-Hoc|iPhone = Ad-Hoc|iPhone
		Ad-Hoc|iPhoneSimulator = Ad-Hoc|iPhoneSimulator
		Ad-Hoc|x64 = Ad-Hoc|x64
		Ad-Hoc|x86 = Ad-Hoc|x86
		AppStore|Any CPU = AppStore|Any CPU
		AppStore|ARM = AppStore|ARM
		AppStore|iPhone = AppStore|iPhone
		AppStore|iPhoneSimulator = AppStore|iPhoneSimulator
		AppStore|x64 = AppStore|x64
		AppStore|x86 = AppStore|x86
		Debug|Any CPU = Debug|Any CPU
		Debug|ARM = Debug|ARM
		Debug|iPhone = Debug|iPhone
		Debug|iPhoneSimulator = Debug|iPhoneSimulator
		Debug|x64 = Debug|x64
		Debug|x86 = Debug|x86
		Release|Any CPU = Release|Any CPU
		Release|ARM = Release|ARM
		Release|iPhone = Release|iPhone
		Release|iPhoneSimulator = Release|iPhoneSimulator
		Release|x64 = Release|x64
		Release|x86 = Release|x86
	EndGlobalSection
	GlobalSection(ProjectConfigurationPlatforms) = postSolution
		{CE0FAD7A-F3C9-4D69-AC70-2DA842E5F96E}.Ad-Hoc|Any CPU.ActiveCfg = Ad-Hoc|iPhone
		{CE0FAD7A-F3C9-4D69-AC70-2DA842E5F96E}.Ad-Hoc|ARM.ActiveCfg = Ad-Hoc|iPhone
		{CE0FAD7A-F3C9-4D69-AC70-2DA842E5F96E}.Ad-Hoc|iPhone.ActiveCfg = Ad-Hoc|iPhone
		{CE0FAD7A-F3C9-4D69-AC70-2DA842E5F96E}.Ad-Hoc|iPhone.Build.0 = Ad-Hoc|iPhone
		{CE0FAD7A-F3C9-4D69-AC70-2DA842E5F96E}.Ad-Hoc|iPhoneSimulator.ActiveCfg = Ad-Hoc|iPhoneSimulator
		{CE0FAD7A-F3C9-4D69-AC70-2DA842E5F96E}.Ad-Hoc|iPhoneSimulator.Build.0 = Ad-Hoc|iPhoneSimulator
		{CE0FAD7A-F3C9-4D69-AC70-2DA842E5F96E}.Ad-Hoc|x64.ActiveCfg = Ad-Hoc|iPhone
		{CE0FAD7A-F3C9-4D69-AC70-2DA842E5F96E}.Ad-Hoc|x86.ActiveCfg = Ad-Hoc|iPhone
		{CE0FAD7A-F3C9-4D69-AC70-2DA842E5F96E}.AppStore|Any CPU.ActiveCfg = AppStore|iPhone
		{CE0FAD7A-F3C9-4D69-AC70-2DA842E5F96E}.AppStore|ARM.ActiveCfg = AppStore|iPhone
		{CE0FAD7A-F3C9-4D69-AC70-2DA842E5F96E}.AppStore|iPhone.ActiveCfg = AppStore|iPhone
		{CE0FAD7A-F3C9-4D69-AC70-2DA842E5F96E}.AppStore|iPhone.Build.0 = AppStore|iPhone
		{CE0FAD7A-F3C9-4D69-AC70-2DA842E5F96E}.AppStore|iPhoneSimulator.ActiveCfg = AppStore|iPhoneSimulator
		{CE0FAD7A-F3C9-4D69-AC70-2DA842E5F96E}.AppStore|iPhoneSimulator.Build.0 = AppStore|iPhoneSimulator
		{CE0FAD7A-F3C9-4D69-AC70-2DA842E5F96E}.AppStore|x64.ActiveCfg = AppStore|iPhone
		{CE0FAD7A-F3C9-4D69-AC70-2DA842E5F96E}.AppStore|x86.ActiveCfg = AppStore|iPhone
		{CE0FAD7A-F3C9-4D69-AC70-2DA842E5F96E}.Debug|Any CPU.ActiveCfg = Debug|iPhone
		{CE0FAD7A-F3C9-4D69-AC70-2DA842E5F96E}.Debug|ARM.ActiveCfg = Debug|iPhone
		{CE0FAD7A-F3C9-4D69-AC70-2DA842E5F96E}.Debug|iPhone.ActiveCfg = Debug|iPhone
		{CE0FAD7A-F3C9-4D69-AC70-2DA842E5F96E}.Debug|iPhone.Build.0 = Debug|iPhone
		{CE0FAD7A-F3C9-4D69-AC70-2DA842E5F96E}.Debug|iPhoneSimulator.ActiveCfg = Debug|iPhoneSimulator
		{CE0FAD7A-F3C9-4D69-AC70-2DA842E5F96E}.Debug|iPhoneSimulator.Build.0 = Debug|iPhoneSimulator
		{CE0FAD7A-F3C9-4D69-AC70-2DA842E5F96E}.Debug|x64.ActiveCfg = Debug|iPhone
		{CE0FAD7A-F3C9-4D69-AC70-2DA842E5F96E}.Debug|x86.ActiveCfg = Debug|iPhone
		{CE0FAD7A-F3C9-4D69-AC70-2DA842E5F96E}.Release|Any CPU.ActiveCfg = Release|iPhone
		{CE0FAD7A-F3C9-4D69-AC70-2DA842E5F96E}.Release|ARM.ActiveCfg = Release|iPhone
		{CE0FAD7A-F3C9-4D69-AC70-2DA842E5F96E}.Release|iPhone.ActiveCfg = Release|iPhone
		{CE0FAD7A-F3C9-4D69-AC70-2DA842E5F96E}.Release|iPhone.Build.0 = Release|iPhone
		{CE0FAD7A-F3C9-4D69-AC70-2DA842E5F96E}.Release|iPhoneSimulator.ActiveCfg = Release|iPhoneSimulator
		{CE0FAD7A-F3C9-4D69-AC70-2DA842E5F96E}.Release|iPhoneSimulator.Build.0 = Release|iPhoneSimulator
		{CE0FAD7A-F3C9-4D69-AC70-2DA842E5F96E}.Release|x64.ActiveCfg = Release|iPhone
		{CE0FAD7A-F3C9-4D69-AC70-2DA842E5F96E}.Release|x86.ActiveCfg = Release|iPhone
		{EB57E86C-CB96-4209-8E14-944808157030}.Ad-Hoc|Any CPU.ActiveCfg = Release|x86
		{EB57E86C-CB96-4209-8E14-944808157030}.Ad-Hoc|Any CPU.Build.0 = Release|x86
		{EB57E86C-CB96-4209-8E14-944808157030}.Ad-Hoc|Any CPU.Deploy.0 = Release|x86
		{EB57E86C-CB96-4209-8E14-944808157030}.Ad-Hoc|ARM.ActiveCfg = Release|ARM
		{EB57E86C-CB96-4209-8E14-944808157030}.Ad-Hoc|ARM.Build.0 = Release|ARM
		{EB57E86C-CB96-4209-8E14-944808157030}.Ad-Hoc|ARM.Deploy.0 = Release|ARM
		{EB57E86C-CB96-4209-8E14-944808157030}.Ad-Hoc|iPhone.ActiveCfg = Release|x86
		{EB57E86C-CB96-4209-8E14-944808157030}.Ad-Hoc|iPhone.Build.0 = Release|x86
		{EB57E86C-CB96-4209-8E14-944808157030}.Ad-Hoc|iPhone.Deploy.0 = Release|x86
		{EB57E86C-CB96-4209-8E14-944808157030}.Ad-Hoc|iPhoneSimulator.ActiveCfg = Release|x86
		{EB57E86C-CB96-4209-8E14-944808157030}.Ad-Hoc|iPhoneSimulator.Build.0 = Release|x86
		{EB57E86C-CB96-4209-8E14-944808157030}.Ad-Hoc|iPhoneSimulator.Deploy.0 = Release|x86
		{EB57E86C-CB96-4209-8E14-944808157030}.Ad-Hoc|x64.ActiveCfg = Release|x64
		{EB57E86C-CB96-4209-8E14-944808157030}.Ad-Hoc|x64.Build.0 = Release|x64
		{EB57E86C-CB96-4209-8E14-944808157030}.Ad-Hoc|x64.Deploy.0 = Release|x64
		{EB57E86C-CB96-4209-8E14-944808157030}.Ad-Hoc|x86.ActiveCfg = Release|x86
		{EB57E86C-CB96-4209-8E14-944808157030}.Ad-Hoc|x86.Build.0 = Release|x86
		{EB57E86C-CB96-4209-8E14-944808157030}.Ad-Hoc|x86.Deploy.0 = Release|x86
		{EB57E86C-CB96-4209-8E14-944808157030}.AppStore|Any CPU.ActiveCfg = Release|x86
		{EB57E86C-CB96-4209-8E14-944808157030}.AppStore|Any CPU.Build.0 = Release|x86
		{EB57E86C-CB96-4209-8E14-944808157030}.AppStore|Any CPU.Deploy.0 = Release|x86
		{EB57E86C-CB96-4209-8E14-944808157030}.AppStore|ARM.ActiveCfg = Release|ARM
		{EB57E86C-CB96-4209-8E14-944808157030}.AppStore|ARM.Build.0 = Release|ARM
		{EB57E86C-CB96-4209-8E14-944808157030}.AppStore|ARM.Deploy.0 = Release|ARM
		{EB57E86C-CB96-4209-8E14-944808157030}.AppStore|iPhone.ActiveCfg = Release|x86
		{EB57E86C-CB96-4209-8E14-944808157030}.AppStore|iPhone.Build.0 = Release|x86
		{EB57E86C-CB96-4209-8E14-944808157030}.AppStore|iPhone.Deploy.0 = Release|x86
		{EB57E86C-CB96-4209-8E14-944808157030}.AppStore|iPhoneSimulator.ActiveCfg = Release|x86
		{EB57E86C-CB96-4209-8E14-944808157030}.AppStore|iPhoneSimulator.Build.0 = Release|x86
		{EB57E86C-CB96-4209-8E14-944808157030}.AppStore|iPhoneSimulator.Deploy.0 = Release|x86
		{EB57E86C-CB96-4209-8E14-944808157030}.AppStore|x64.ActiveCfg = Release|x64
		{EB57E86C-CB96-4209-8E14-944808157030}.AppStore|x64.Build.0 = Release|x64
		{EB57E86C-CB96-4209-8E14-944808157030}.AppStore|x64.Deploy.0 = Release|x64
		{EB57E86C-CB96-4209-8E14-944808157030}.AppStore|x86.ActiveCfg = Release|x86
		{EB57E86C-CB96-4209-8E14-944808157030}.AppStore|x86.Build.0 = Release|x86
		{EB57E86C-CB96-4209-8E14-944808157030}.AppStore|x86.Deploy.0 = Release|x86
		{EB57E86C-CB96-4209-8E14-944808157030}.Debug|Any CPU.ActiveCfg = Debug|x86
		{EB57E86C-CB96-4209-8E14-944808157030}.Debug|ARM.ActiveCfg = Debug|ARM
		{EB57E86C-CB96-4209-8E14-944808157030}.Debug|ARM.Build.0 = Debug|ARM
		{EB57E86C-CB96-4209-8E14-944808157030}.Debug|ARM.Deploy.0 = Debug|ARM
		{EB57E86C-CB96-4209-8E14-944808157030}.Debug|iPhone.ActiveCfg = Debug|x86
		{EB57E86C-CB96-4209-8E14-944808157030}.Debug|iPhoneSimulator.ActiveCfg = Debug|x86
		{EB57E86C-CB96-4209-8E14-944808157030}.Debug|x64.ActiveCfg = Debug|x64
		{EB57E86C-CB96-4209-8E14-944808157030}.Debug|x64.Build.0 = Debug|x64
		{EB57E86C-CB96-4209-8E14-944808157030}.Debug|x64.Deploy.0 = Debug|x64
		{EB57E86C-CB96-4209-8E14-944808157030}.Debug|x86.ActiveCfg = Debug|x86
		{EB57E86C-CB96-4209-8E14-944808157030}.Debug|x86.Build.0 = Debug|x86
		{EB57E86C-CB96-4209-8E14-944808157030}.Debug|x86.Deploy.0 = Debug|x86
		{EB57E86C-CB96-4209-8E14-944808157030}.Release|Any CPU.ActiveCfg = Release|x86
		{EB57E86C-CB96-4209-8E14-944808157030}.Release|ARM.ActiveCfg = Release|ARM
		{EB57E86C-CB96-4209-8E14-944808157030}.Release|ARM.Build.0 = Release|ARM
		{EB57E86C-CB96-4209-8E14-944808157030}.Release|ARM.Deploy.0 = Release|ARM
		{EB57E86C-CB96-4209-8E14-944808157030}.Release|iPhone.ActiveCfg = Release|x86
		{EB57E86C-CB96-4209-8E14-944808157030}.Release|iPhoneSimulator.ActiveCfg = Release|x86
		{EB57E86C-CB96-4209-8E14-944808157030}.Release|x64.ActiveCfg = Release|x64
		{EB57E86C-CB96-4209-8E14-944808157030}.Release|x64.Build.0 = Release|x64
		{EB57E86C-CB96-4209-8E14-944808157030}.Release|x64.Deploy.0 = Release|x64
		{EB57E86C-CB96-4209-8E14-944808157030}.Release|x86.ActiveCfg = Release|x86
		{EB57E86C-CB96-4209-8E14-944808157030}.Release|x86.Build.0 = Release|x86
		{EB57E86C-CB96-4209-8E14-944808157030}.Release|x86.Deploy.0 = Release|x86
		{CA57384A-D010-4CF9-AC6F-8D9B32F6F222}.Ad-Hoc|Any CPU.ActiveCfg = Release|Any CPU
		{CA57384A-D010-4CF9-AC6F-8D9B32F6F222}.Ad-Hoc|Any CPU.Build.0 = Release|Any CPU
		{CA57384A-D010-4CF9-AC6F-8D9B32F6F222}.Ad-Hoc|Any CPU.Deploy.0 = Release|Any CPU
		{CA57384A-D010-4CF9-AC6F-8D9B32F6F222}.Ad-Hoc|ARM.ActiveCfg = Release|Any CPU
		{CA57384A-D010-4CF9-AC6F-8D9B32F6F222}.Ad-Hoc|ARM.Build.0 = Release|Any CPU
		{CA57384A-D010-4CF9-AC6F-8D9B32F6F222}.Ad-Hoc|ARM.Deploy.0 = Release|Any CPU
		{CA57384A-D010-4CF9-AC6F-8D9B32F6F222}.Ad-Hoc|iPhone.ActiveCfg = Release|Any CPU
		{CA57384A-D010-4CF9-AC6F-8D9B32F6F222}.Ad-Hoc|iPhone.Build.0 = Release|Any CPU
		{CA57384A-D010-4CF9-AC6F-8D9B32F6F222}.Ad-Hoc|iPhone.Deploy.0 = Release|Any CPU
		{CA57384A-D010-4CF9-AC6F-8D9B32F6F222}.Ad-Hoc|iPhoneSimulator.ActiveCfg = Release|Any CPU
		{CA57384A-D010-4CF9-AC6F-8D9B32F6F222}.Ad-Hoc|iPhoneSimulator.Build.0 = Release|Any CPU
		{CA57384A-D010-4CF9-AC6F-8D9B32F6F222}.Ad-Hoc|iPhoneSimulator.Deploy.0 = Release|Any CPU
		{CA57384A-D010-4CF9-AC6F-8D9B32F6F222}.Ad-Hoc|x64.ActiveCfg = Release|Any CPU
		{CA57384A-D010-4CF9-AC6F-8D9B32F6F222}.Ad-Hoc|x64.Build.0 = Release|Any CPU
		{CA57384A-D010-4CF9-AC6F-8D9B32F6F222}.Ad-Hoc|x64.Deploy.0 = Release|Any CPU
		{CA57384A-D010-4CF9-AC6F-8D9B32F6F222}.Ad-Hoc|x86.ActiveCfg = Release|Any CPU
		{CA57384A-D010-4CF9-AC6F-8D9B32F6F222}.Ad-Hoc|x86.Build.0 = Release|Any CPU
		{CA57384A-D010-4CF9-AC6F-8D9B32F6F222}.Ad-Hoc|x86.Deploy.0 = Release|Any CPU
		{CA57384A-D010-4CF9-AC6F-8D9B32F6F222}.AppStore|Any CPU.ActiveCfg = Release|Any CPU
		{CA57384A-D010-4CF9-AC6F-8D9B32F6F222}.AppStore|Any CPU.Build.0 = Release|Any CPU
		{CA57384A-D010-4CF9-AC6F-8D9B32F6F222}.AppStore|Any CPU.Deploy.0 = Release|Any CPU
		{CA57384A-D010-4CF9-AC6F-8D9B32F6F222}.AppStore|ARM.ActiveCfg = Release|Any CPU
		{CA57384A-D010-4CF9-AC6F-8D9B32F6F222}.AppStore|ARM.Build.0 = Release|Any CPU
		{CA57384A-D010-4CF9-AC6F-8D9B32F6F222}.AppStore|ARM.Deploy.0 = Release|Any CPU
		{CA57384A-D010-4CF9-AC6F-8D9B32F6F222}.AppStore|iPhone.ActiveCfg = Release|Any CPU
		{CA57384A-D010-4CF9-AC6F-8D9B32F6F222}.AppStore|iPhone.Build.0 = Release|Any CPU
		{CA57384A-D010-4CF9-AC6F-8D9B32F6F222}.AppStore|iPhone.Deploy.0 = Release|Any CPU
		{CA57384A-D010-4CF9-AC6F-8D9B32F6F222}.AppStore|iPhoneSimulator.ActiveCfg = Release|Any CPU
		{CA57384A-D010-4CF9-AC6F-8D9B32F6F222}.AppStore|iPhoneSimulator.Build.0 = Release|Any CPU
		{CA57384A-D010-4CF9-AC6F-8D9B32F6F222}.AppStore|iPhoneSimulator.Deploy.0 = Release|Any CPU
		{CA57384A-D010-4CF9-AC6F-8D9B32F6F222}.AppStore|x64.ActiveCfg = Release|Any CPU
		{CA57384A-D010-4CF9-AC6F-8D9B32F6F222}.AppStore|x64.Build.0 = Release|Any CPU
		{CA57384A-D010-4CF9-AC6F-8D9B32F6F222}.AppStore|x64.Deploy.0 = Release|Any CPU
		{CA57384A-D010-4CF9-AC6F-8D9B32F6F222}.AppStore|x86.ActiveCfg = Release|Any CPU
		{CA57384A-D010-4CF9-AC6F-8D9B32F6F222}.AppStore|x86.Build.0 = Release|Any CPU
		{CA57384A-D010-4CF9-AC6F-8D9B32F6F222}.AppStore|x86.Deploy.0 = Release|Any CPU
		{CA57384A-D010-4CF9-AC6F-8D9B32F6F222}.Debug|Any CPU.ActiveCfg = Debug|Any CPU
		{CA57384A-D010-4CF9-AC6F-8D9B32F6F222}.Debug|Any CPU.Build.0 = Debug|Any CPU
		{CA57384A-D010-4CF9-AC6F-8D9B32F6F222}.Debug|Any CPU.Deploy.0 = Debug|Any CPU
		{CA57384A-D010-4CF9-AC6F-8D9B32F6F222}.Debug|ARM.ActiveCfg = Debug|Any CPU
		{CA57384A-D010-4CF9-AC6F-8D9B32F6F222}.Debug|ARM.Build.0 = Debug|Any CPU
		{CA57384A-D010-4CF9-AC6F-8D9B32F6F222}.Debug|ARM.Deploy.0 = Debug|Any CPU
		{CA57384A-D010-4CF9-AC6F-8D9B32F6F222}.Debug|iPhone.ActiveCfg = Debug|Any CPU
		{CA57384A-D010-4CF9-AC6F-8D9B32F6F222}.Debug|iPhone.Build.0 = Debug|Any CPU
		{CA57384A-D010-4CF9-AC6F-8D9B32F6F222}.Debug|iPhone.Deploy.0 = Debug|Any CPU
		{CA57384A-D010-4CF9-AC6F-8D9B32F6F222}.Debug|iPhoneSimulator.ActiveCfg = Debug|Any CPU
		{CA57384A-D010-4CF9-AC6F-8D9B32F6F222}.Debug|iPhoneSimulator.Build.0 = Debug|Any CPU
		{CA57384A-D010-4CF9-AC6F-8D9B32F6F222}.Debug|iPhoneSimulator.Deploy.0 = Debug|Any CPU
		{CA57384A-D010-4CF9-AC6F-8D9B32F6F222}.Debug|x64.ActiveCfg = Debug|Any CPU
		{CA57384A-D010-4CF9-AC6F-8D9B32F6F222}.Debug|x64.Build.0 = Debug|Any CPU
		{CA57384A-D010-4CF9-AC6F-8D9B32F6F222}.Debug|x64.Deploy.0 = Debug|Any CPU
		{CA57384A-D010-4CF9-AC6F-8D9B32F6F222}.Debug|x86.ActiveCfg = Debug|Any CPU
		{CA57384A-D010-4CF9-AC6F-8D9B32F6F222}.Debug|x86.Build.0 = Debug|Any CPU
		{CA57384A-D010-4CF9-AC6F-8D9B32F6F222}.Debug|x86.Deploy.0 = Debug|Any CPU
		{CA57384A-D010-4CF9-AC6F-8D9B32F6F222}.Release|Any CPU.ActiveCfg = Release|Any CPU
		{CA57384A-D010-4CF9-AC6F-8D9B32F6F222}.Release|Any CPU.Build.0 = Release|Any CPU
		{CA57384A-D010-4CF9-AC6F-8D9B32F6F222}.Release|Any CPU.Deploy.0 = Release|Any CPU
		{CA57384A-D010-4CF9-AC6F-8D9B32F6F222}.Release|ARM.ActiveCfg = Release|Any CPU
		{CA57384A-D010-4CF9-AC6F-8D9B32F6F222}.Release|ARM.Build.0 = Release|Any CPU
		{CA57384A-D010-4CF9-AC6F-8D9B32F6F222}.Release|ARM.Deploy.0 = Release|Any CPU
		{CA57384A-D010-4CF9-AC6F-8D9B32F6F222}.Release|iPhone.ActiveCfg = Release|Any CPU
		{CA57384A-D010-4CF9-AC6F-8D9B32F6F222}.Release|iPhone.Build.0 = Release|Any CPU
		{CA57384A-D010-4CF9-AC6F-8D9B32F6F222}.Release|iPhone.Deploy.0 = Release|Any CPU
		{CA57384A-D010-4CF9-AC6F-8D9B32F6F222}.Release|iPhoneSimulator.ActiveCfg = Release|Any CPU
		{CA57384A-D010-4CF9-AC6F-8D9B32F6F222}.Release|iPhoneSimulator.Build.0 = Release|Any CPU
		{CA57384A-D010-4CF9-AC6F-8D9B32F6F222}.Release|iPhoneSimulator.Deploy.0 = Release|Any CPU
		{CA57384A-D010-4CF9-AC6F-8D9B32F6F222}.Release|x64.ActiveCfg = Release|Any CPU
		{CA57384A-D010-4CF9-AC6F-8D9B32F6F222}.Release|x64.Build.0 = Release|Any CPU
		{CA57384A-D010-4CF9-AC6F-8D9B32F6F222}.Release|x64.Deploy.0 = Release|Any CPU
		{CA57384A-D010-4CF9-AC6F-8D9B32F6F222}.Release|x86.ActiveCfg = Release|Any CPU
		{CA57384A-D010-4CF9-AC6F-8D9B32F6F222}.Release|x86.Build.0 = Release|Any CPU
		{CA57384A-D010-4CF9-AC6F-8D9B32F6F222}.Release|x86.Deploy.0 = Release|Any CPU
	EndGlobalSection
	GlobalSection(SolutionProperties) = preSolution
		HideSolutionNode = FALSE
	EndGlobalSection
	GlobalSection(ExtensibilityGlobals) = postSolution
		SolutionGuid = {2B673FE3-F513-42A0-8BCE-71D6A06F81C8}
	EndGlobalSection
EndGlobal
